
Microsoft Visual Studio Solution File, Format Version 12.00
# Visual Studio 15
VisualStudioVersion = 15.0.27428.2043
MinimumVisualStudioVersion = 10.0.40219.1
Project("{888888A0-9F3D-457C-B088-3A5042F75D52}") = "mail", "mail\mail.pyproj", "{7AB5FEEA-4375-4715-BB92-9472425F04F9}"
EndProject
Global
	GlobalSection(SolutionConfigurationPlatforms) = preSolution
		Debug|Any CPU = Debug|Any CPU
		Release|Any CPU = Release|Any CPU
	EndGlobalSection
	GlobalSection(ProjectConfigurationPlatforms) = postSolution
		{7AB5FEEA-4375-4715-BB92-9472425F04F9}.Debug|Any CPU.ActiveCfg = Debug|Any CPU
		{7AB5FEEA-4375-4715-BB92-9472425F04F9}.Release|Any CPU.ActiveCfg = Release|Any CPU
	EndGlobalSection
	GlobalSection(SolutionProperties) = preSolution
		HideSolutionNode = FALSE
	EndGlobalSection
	GlobalSection(ExtensibilityGlobals) = postSolution
		SolutionGuid = {11DEE19E-3345-44B3-A3EA-C7B72B3E0E1A}
	EndGlobalSection
EndGlobal
